{
  "name": "obelisco-demo",
  "version": "1.0.0",
  "lockfileVersion": 1,
  "requires": true,
  "dependencies": {
    "@gcba/obelisco": {
      "version": "1.50.0",
      "resolved": "https://registry.npmjs.org/@gcba/obelisco/-/obelisco-1.50.0.tgz",
      "integrity": "sha512-nWXTUe+fKagMxZ7RNkdAS1sYCuL6JKXTudBOolu1iEGM8nACXnfBeUxuroq7BRKSqeMV1K4Y0umF62L34hlipg=="
    }
  }
}
