{
  "name": "obelisco-demo",
  "version": "1.0.0",
  "lockfileVersion": 1,
  "requires": true,
  "dependencies": {
    "@gcba/obelisco": {
      "version": "1.48.3",
      "resolved": "https://registry.npmjs.org/@gcba/obelisco/-/obelisco-1.48.3.tgz",
      "integrity": "sha512-S8Bn2DamqkNNVFjmHBd5s8IjqGBpgjfPVGVGMNX5eORUrO5DhGpGv1eCt+xwswwrBkfSmdAFhW4Kzf2HJmvloQ=="
    }
  }
}
