{
  "name": "obelisco-demo",
  "version": "1.0.0",
  "lockfileVersion": 1,
  "requires": true,
  "dependencies": {
    "@gcba/obelisco": {
      "version": "1.52.4",
      "resolved": "https://registry.npmjs.org/@gcba/obelisco/-/obelisco-1.52.4.tgz",
      "integrity": "sha512-o8xJfFmSA1IxDAZYe1P+U0BxN+yr5gZs2p6F1dc26yJRHLvYLoJr7WzvGuLxUXle72bMKbyYcu9Bwz4+hHZ6QA=="
    }
  }
}
